
Microsoft Visual Studio Solution File, Format Version 12.00
# Visual Studio Version 16
VisualStudioVersion = 16.0.30225.117
MinimumVisualStudioVersion = 10.0.40219.1
Project("{FAE04EC0-301F-11D3-BF4B-00C04F79EFBC}") = "Calculadora", "Calculadora.csproj", "{E4280E49-9991-4A6B-9C7D-8DE6C5F2C099}"
EndProject
Global
	GlobalSection(SolutionConfigurationPlatforms) = preSolution
		Debug|Any CPU = Debug|Any CPU
		Release|Any CPU = Release|Any CPU
	EndGlobalSection
	GlobalSection(ProjectConfigurationPlatforms) = postSolution
		{E4280E49-9991-4A6B-9C7D-8DE6C5F2C099}.Debug|Any CPU.ActiveCfg = Debug|Any CPU
		{E4280E49-9991-4A6B-9C7D-8DE6C5F2C099}.Debug|Any CPU.Build.0 = Debug|Any CPU
		{E4280E49-9991-4A6B-9C7D-8DE6C5F2C099}.Release|Any CPU.ActiveCfg = Release|Any CPU
		{E4280E49-9991-4A6B-9C7D-8DE6C5F2C099}.Release|Any CPU.Build.0 = Release|Any CPU
	EndGlobalSection
	GlobalSection(SolutionProperties) = preSolution
		HideSolutionNode = FALSE
	EndGlobalSection
	GlobalSection(ExtensibilityGlobals) = postSolution
		SolutionGuid = {925F7FAF-061F-434F-A215-94B5AA9E4F4C}
	EndGlobalSection
EndGlobal
